{
  "name": "noman54-simple-calculator",
  "version": "1.0.0",
  "lockfileVersion": 3,
  "requires": true,
  "packages": {
    "": {
      "name": "noman54-simple-calculator",
      "version": "1.0.0",
      "license": "ISC",
      "dependencies": {
        "noman54-simple-calculator": "^1.0.0"
      }
    },
    "node_modules/noman54-simple-calculator": {
      "version": "1.0.0",
      "resolved": "https://registry.npmjs.org/noman54-simple-calculator/-/noman54-simple-calculator-1.0.0.tgz",
      "integrity": "sha512-amOWs9Ek/SvND2jnoMQRMTKPV9a/J9GaXg1IgTu3RloPDGk4WlCvLRoKtmI6252tsNC77QDRjfbaLEbDsRIoSA=="
    }
  }
}
